
Microsoft Visual Studio Solution File, Format Version 12.00
Project("{FAE04EC0-301F-11D3-BF4B-00C04F79EFBC}") = "1_Print Hello and Name", "1_Print Hello and Name\1_Print Hello and Name.csproj", "{E93C4E57-6854-4B66-BE06-346A780C51F5}"
EndProject
Global
	GlobalSection(SolutionConfigurationPlatforms) = preSolution
		Debug|Any CPU = Debug|Any CPU
		Release|Any CPU = Release|Any CPU
	EndGlobalSection
	GlobalSection(ProjectConfigurationPlatforms) = postSolution
		{E93C4E57-6854-4B66-BE06-346A780C51F5}.Debug|Any CPU.ActiveCfg = Debug|Any CPU
		{E93C4E57-6854-4B66-BE06-346A780C51F5}.Debug|Any CPU.Build.0 = Debug|Any CPU
		{E93C4E57-6854-4B66-BE06-346A780C51F5}.Release|Any CPU.ActiveCfg = Release|Any CPU
		{E93C4E57-6854-4B66-BE06-346A780C51F5}.Release|Any CPU.Build.0 = Release|Any CPU
	EndGlobalSection
EndGlobal
